
Microsoft Visual Studio Solution File, Format Version 12.00
# Visual Studio 15
VisualStudioVersion = 15.0.28307.572
MinimumVisualStudioVersion = 10.0.40219.1
Project("{FAE04EC0-301F-11D3-BF4B-00C04F79EFBC}") = "Traffic", "Traffic\Traffic.csproj", "{12177D92-9CB5-4E7A-A76F-4BC7D25B2F4B}"
EndProject
Global
	GlobalSection(SolutionConfigurationPlatforms) = preSolution
		Debug|Any CPU = Debug|Any CPU
		Release|Any CPU = Release|Any CPU
	EndGlobalSection
	GlobalSection(ProjectConfigurationPlatforms) = postSolution
		{12177D92-9CB5-4E7A-A76F-4BC7D25B2F4B}.Debug|Any CPU.ActiveCfg = Debug|Any CPU
		{12177D92-9CB5-4E7A-A76F-4BC7D25B2F4B}.Debug|Any CPU.Build.0 = Debug|Any CPU
		{12177D92-9CB5-4E7A-A76F-4BC7D25B2F4B}.Release|Any CPU.ActiveCfg = Release|Any CPU
		{12177D92-9CB5-4E7A-A76F-4BC7D25B2F4B}.Release|Any CPU.Build.0 = Release|Any CPU
	EndGlobalSection
	GlobalSection(SolutionProperties) = preSolution
		HideSolutionNode = FALSE
	EndGlobalSection
	GlobalSection(ExtensibilityGlobals) = postSolution
		SolutionGuid = {B7E87348-37A4-4950-B9EF-0FCFC7E9D5A7}
	EndGlobalSection
EndGlobal
